
Microsoft Visual Studio Solution File, Format Version 12.00
# Visual Studio 15
VisualStudioVersion = 15.0.27703.2035
MinimumVisualStudioVersion = 10.0.40219.1
Project("{FAE04EC0-301F-11D3-BF4B-00C04F79EFBC}") = "XF.MVVMBasic.Android", "XF.MVVMBasic\XF.MVVMBasic.Android\XF.MVVMBasic.Android.csproj", "{2A0B201C-4AAF-4945-A3D7-1FF1360DDDE8}"
EndProject
Project("{FAE04EC0-301F-11D3-BF4B-00C04F79EFBC}") = "XF.MVVMBasic.iOS", "XF.MVVMBasic\XF.MVVMBasic.iOS\XF.MVVMBasic.iOS.csproj", "{AAD9043C-FF3D-437D-81AE-CAE8093168FA}"
EndProject
Project("{FAE04EC0-301F-11D3-BF4B-00C04F79EFBC}") = "XF.MVVMBasic", "XF.MVVMBasic\XF.MVVMBasic\XF.MVVMBasic.csproj", "{B7EC19CF-1D50-431E-842C-3F09E299921C}"
EndProject
Global
	GlobalSection(SolutionConfigurationPlatforms) = preSolution
		Ad-Hoc|Any CPU = Ad-Hoc|Any CPU
		Ad-Hoc|iPhone = Ad-Hoc|iPhone
		Ad-Hoc|iPhoneSimulator = Ad-Hoc|iPhoneSimulator
		AppStore|Any CPU = AppStore|Any CPU
		AppStore|iPhone = AppStore|iPhone
		AppStore|iPhoneSimulator = AppStore|iPhoneSimulator
		Debug|Any CPU = Debug|Any CPU
		Debug|iPhone = Debug|iPhone
		Debug|iPhoneSimulator = Debug|iPhoneSimulator
		Release|Any CPU = Release|Any CPU
		Release|iPhone = Release|iPhone
		Release|iPhoneSimulator = Release|iPhoneSimulator
	EndGlobalSection
	GlobalSection(ProjectConfigurationPlatforms) = postSolution
		{2A0B201C-4AAF-4945-A3D7-1FF1360DDDE8}.Ad-Hoc|Any CPU.ActiveCfg = Release|Any CPU
		{2A0B201C-4AAF-4945-A3D7-1FF1360DDDE8}.Ad-Hoc|Any CPU.Build.0 = Release|Any CPU
		{2A0B201C-4AAF-4945-A3D7-1FF1360DDDE8}.Ad-Hoc|Any CPU.Deploy.0 = Release|Any CPU
		{2A0B201C-4AAF-4945-A3D7-1FF1360DDDE8}.Ad-Hoc|iPhone.ActiveCfg = Release|Any CPU
		{2A0B201C-4AAF-4945-A3D7-1FF1360DDDE8}.Ad-Hoc|iPhone.Build.0 = Release|Any CPU
		{2A0B201C-4AAF-4945-A3D7-1FF1360DDDE8}.Ad-Hoc|iPhone.Deploy.0 = Release|Any CPU
		{2A0B201C-4AAF-4945-A3D7-1FF1360DDDE8}.Ad-Hoc|iPhoneSimulator.ActiveCfg = Release|Any CPU
		{2A0B201C-4AAF-4945-A3D7-1FF1360DDDE8}.Ad-Hoc|iPhoneSimulator.Build.0 = Release|Any CPU
		{2A0B201C-4AAF-4945-A3D7-1FF1360DDDE8}.Ad-Hoc|iPhoneSimulator.Deploy.0 = Release|Any CPU
		{2A0B201C-4AAF-4945-A3D7-1FF1360DDDE8}.AppStore|Any CPU.ActiveCfg = Release|Any CPU
		{2A0B201C-4AAF-4945-A3D7-1FF1360DDDE8}.AppStore|Any CPU.Build.0 = Release|Any CPU
		{2A0B201C-4AAF-4945-A3D7-1FF1360DDDE8}.AppStore|Any CPU.Deploy.0 = Release|Any CPU
		{2A0B201C-4AAF-4945-A3D7-1FF1360DDDE8}.AppStore|iPhone.ActiveCfg = Release|Any CPU
		{2A0B201C-4AAF-4945-A3D7-1FF1360DDDE8}.AppStore|iPhone.Build.0 = Release|Any CPU
		{2A0B201C-4AAF-4945-A3D7-1FF1360DDDE8}.AppStore|iPhone.Deploy.0 = Release|Any CPU
		{2A0B201C-4AAF-4945-A3D7-1FF1360DDDE8}.AppStore|iPhoneSimulator.ActiveCfg = Release|Any CPU
		{2A0B201C-4AAF-4945-A3D7-1FF1360DDDE8}.AppStore|iPhoneSimulator.Build.0 = Release|Any CPU
		{2A0B201C-4AAF-4945-A3D7-1FF1360DDDE8}.AppStore|iPhoneSimulator.Deploy.0 = Release|Any CPU
		{2A0B201C-4AAF-4945-A3D7-1FF1360DDDE8}.Debug|Any CPU.ActiveCfg = Debug|Any CPU
		{2A0B201C-4AAF-4945-A3D7-1FF1360DDDE8}.Debug|Any CPU.Build.0 = Debug|Any CPU
		{2A0B201C-4AAF-4945-A3D7-1FF1360DDDE8}.Debug|Any CPU.Deploy.0 = Debug|Any CPU
		{2A0B201C-4AAF-4945-A3D7-1FF1360DDDE8}.Debug|iPhone.ActiveCfg = Debug|Any CPU
		{2A0B201C-4AAF-4945-A3D7-1FF1360DDDE8}.Debug|iPhone.Build.0 = Debug|Any CPU
		{2A0B201C-4AAF-4945-A3D7-1FF1360DDDE8}.Debug|iPhone.Deploy.0 = Debug|Any CPU
		{2A0B201C-4AAF-4945-A3D7-1FF1360DDDE8}.Debug|iPhoneSimulator.ActiveCfg = Debug|Any CPU
		{2A0B201C-4AAF-4945-A3D7-1FF1360DDDE8}.Debug|iPhoneSimulator.Build.0 = Debug|Any CPU
		{2A0B201C-4AAF-4945-A3D7-1FF1360DDDE8}.Debug|iPhoneSimulator.Deploy.0 = Debug|Any CPU
		{2A0B201C-4AAF-4945-A3D7-1FF1360DDDE8}.Release|Any CPU.ActiveCfg = Release|Any CPU
		{2A0B201C-4AAF-4945-A3D7-1FF1360DDDE8}.Release|Any CPU.Build.0 = Release|Any CPU
		{2A0B201C-4AAF-4945-A3D7-1FF1360DDDE8}.Release|Any CPU.Deploy.0 = Release|Any CPU
		{2A0B201C-4AAF-4945-A3D7-1FF1360DDDE8}.Release|iPhone.ActiveCfg = Release|Any CPU
		{2A0B201C-4AAF-4945-A3D7-1FF1360DDDE8}.Release|iPhone.Build.0 = Release|Any CPU
		{2A0B201C-4AAF-4945-A3D7-1FF1360DDDE8}.Release|iPhone.Deploy.0 = Release|Any CPU
		{2A0B201C-4AAF-4945-A3D7-1FF1360DDDE8}.Release|iPhoneSimulator.ActiveCfg = Release|Any CPU
		{2A0B201C-4AAF-4945-A3D7-1FF1360DDDE8}.Release|iPhoneSimulator.Build.0 = Release|Any CPU
		{2A0B201C-4AAF-4945-A3D7-1FF1360DDDE8}.Release|iPhoneSimulator.Deploy.0 = Release|Any CPU
		{AAD9043C-FF3D-437D-81AE-CAE8093168FA}.Ad-Hoc|Any CPU.ActiveCfg = Ad-Hoc|iPhone
		{AAD9043C-FF3D-437D-81AE-CAE8093168FA}.Ad-Hoc|Any CPU.Build.0 = Ad-Hoc|iPhone
		{AAD9043C-FF3D-437D-81AE-CAE8093168FA}.Ad-Hoc|Any CPU.Deploy.0 = Ad-Hoc|iPhone
		{AAD9043C-FF3D-437D-81AE-CAE8093168FA}.Ad-Hoc|iPhone.ActiveCfg = Ad-Hoc|iPhone
		{AAD9043C-FF3D-437D-81AE-CAE8093168FA}.Ad-Hoc|iPhone.Build.0 = Ad-Hoc|iPhone
		{AAD9043C-FF3D-437D-81AE-CAE8093168FA}.Ad-Hoc|iPhone.Deploy.0 = Ad-Hoc|iPhone
		{AAD9043C-FF3D-437D-81AE-CAE8093168FA}.Ad-Hoc|iPhoneSimulator.ActiveCfg = Ad-Hoc|iPhoneSimulator
		{AAD9043C-FF3D-437D-81AE-CAE8093168FA}.Ad-Hoc|iPhoneSimulator.Build.0 = Ad-Hoc|iPhoneSimulator
		{AAD9043C-FF3D-437D-81AE-CAE8093168FA}.Ad-Hoc|iPhoneSimulator.Deploy.0 = Ad-Hoc|iPhoneSimulator
		{AAD9043C-FF3D-437D-81AE-CAE8093168FA}.AppStore|Any CPU.ActiveCfg = AppStore|iPhone
		{AAD9043C-FF3D-437D-81AE-CAE8093168FA}.AppStore|Any CPU.Build.0 = AppStore|iPhone
		{AAD9043C-FF3D-437D-81AE-CAE8093168FA}.AppStore|Any CPU.Deploy.0 = AppStore|iPhone
		{AAD9043C-FF3D-437D-81AE-CAE8093168FA}.AppStore|iPhone.ActiveCfg = AppStore|iPhone
		{AAD9043C-FF3D-437D-81AE-CAE8093168FA}.AppStore|iPhone.Build.0 = AppStore|iPhone
		{AAD9043C-FF3D-437D-81AE-CAE8093168FA}.AppStore|iPhone.Deploy.0 = AppStore|iPhone
		{AAD9043C-FF3D-437D-81AE-CAE8093168FA}.AppStore|iPhoneSimulator.ActiveCfg = AppStore|iPhoneSimulator
		{AAD9043C-FF3D-437D-81AE-CAE8093168FA}.AppStore|iPhoneSimulator.Build.0 = AppStore|iPhoneSimulator
		{AAD9043C-FF3D-437D-81AE-CAE8093168FA}.AppStore|iPhoneSimulator.Deploy.0 = AppStore|iPhoneSimulator
		{AAD9043C-FF3D-437D-81AE-CAE8093168FA}.Debug|Any CPU.ActiveCfg = Debug|iPhoneSimulator
		{AAD9043C-FF3D-437D-81AE-CAE8093168FA}.Debug|Any CPU.Build.0 = Debug|iPhoneSimulator
		{AAD9043C-FF3D-437D-81AE-CAE8093168FA}.Debug|Any CPU.Deploy.0 = Debug|iPhoneSimulator
		{AAD9043C-FF3D-437D-81AE-CAE8093168FA}.Debug|iPhone.ActiveCfg = Debug|iPhone
		{AAD9043C-FF3D-437D-81AE-CAE8093168FA}.Debug|iPhone.Build.0 = Debug|iPhone
		{AAD9043C-FF3D-437D-81AE-CAE8093168FA}.Debug|iPhone.Deploy.0 = Debug|iPhone
		{AAD9043C-FF3D-437D-81AE-CAE8093168FA}.Debug|iPhoneSimulator.ActiveCfg = Debug|iPhoneSimulator
		{AAD9043C-FF3D-437D-81AE-CAE8093168FA}.Debug|iPhoneSimulator.Build.0 = Debug|iPhoneSimulator
		{AAD9043C-FF3D-437D-81AE-CAE8093168FA}.Debug|iPhoneSimulator.Deploy.0 = Debug|iPhoneSimulator
		{AAD9043C-FF3D-437D-81AE-CAE8093168FA}.Release|Any CPU.ActiveCfg = Release|iPhone
		{AAD9043C-FF3D-437D-81AE-CAE8093168FA}.Release|Any CPU.Build.0 = Release|iPhone
		{AAD9043C-FF3D-437D-81AE-CAE8093168FA}.Release|Any CPU.Deploy.0 = Release|iPhone
		{AAD9043C-FF3D-437D-81AE-CAE8093168FA}.Release|iPhone.ActiveCfg = Release|iPhone
		{AAD9043C-FF3D-437D-81AE-CAE8093168FA}.Release|iPhone.Build.0 = Release|iPhone
		{AAD9043C-FF3D-437D-81AE-CAE8093168FA}.Release|iPhone.Deploy.0 = Release|iPhone
		{AAD9043C-FF3D-437D-81AE-CAE8093168FA}.Release|iPhoneSimulator.ActiveCfg = Release|iPhoneSimulator
		{AAD9043C-FF3D-437D-81AE-CAE8093168FA}.Release|iPhoneSimulator.Build.0 = Release|iPhoneSimulator
		{AAD9043C-FF3D-437D-81AE-CAE8093168FA}.Release|iPhoneSimulator.Deploy.0 = Release|iPhoneSimulator
		{B7EC19CF-1D50-431E-842C-3F09E299921C}.Ad-Hoc|Any CPU.ActiveCfg = Debug|Any CPU
		{B7EC19CF-1D50-431E-842C-3F09E299921C}.Ad-Hoc|Any CPU.Build.0 = Debug|Any CPU
		{B7EC19CF-1D50-431E-842C-3F09E299921C}.Ad-Hoc|Any CPU.Deploy.0 = Debug|Any CPU
		{B7EC19CF-1D50-431E-842C-3F09E299921C}.Ad-Hoc|iPhone.ActiveCfg = Debug|Any CPU
		{B7EC19CF-1D50-431E-842C-3F09E299921C}.Ad-Hoc|iPhone.Build.0 = Debug|Any CPU
		{B7EC19CF-1D50-431E-842C-3F09E299921C}.Ad-Hoc|iPhone.Deploy.0 = Debug|Any CPU
		{B7EC19CF-1D50-431E-842C-3F09E299921C}.Ad-Hoc|iPhoneSimulator.ActiveCfg = Debug|Any CPU
		{B7EC19CF-1D50-431E-842C-3F09E299921C}.Ad-Hoc|iPhoneSimulator.Build.0 = Debug|Any CPU
		{B7EC19CF-1D50-431E-842C-3F09E299921C}.Ad-Hoc|iPhoneSimulator.Deploy.0 = Debug|Any CPU
		{B7EC19CF-1D50-431E-842C-3F09E299921C}.AppStore|Any CPU.ActiveCfg = Debug|Any CPU
		{B7EC19CF-1D50-431E-842C-3F09E299921C}.AppStore|Any CPU.Build.0 = Debug|Any CPU
		{B7EC19CF-1D50-431E-842C-3F09E299921C}.AppStore|Any CPU.Deploy.0 = Debug|Any CPU
		{B7EC19CF-1D50-431E-842C-3F09E299921C}.AppStore|iPhone.ActiveCfg = Debug|Any CPU
		{B7EC19CF-1D50-431E-842C-3F09E299921C}.AppStore|iPhone.Build.0 = Debug|Any CPU
		{B7EC19CF-1D50-431E-842C-3F09E299921C}.AppStore|iPhone.Deploy.0 = Debug|Any CPU
		{B7EC19CF-1D50-431E-842C-3F09E299921C}.AppStore|iPhoneSimulator.ActiveCfg = Debug|Any CPU
		{B7EC19CF-1D50-431E-842C-3F09E299921C}.AppStore|iPhoneSimulator.Build.0 = Debug|Any CPU
		{B7EC19CF-1D50-431E-842C-3F09E299921C}.AppStore|iPhoneSimulator.Deploy.0 = Debug|Any CPU
		{B7EC19CF-1D50-431E-842C-3F09E299921C}.Debug|Any CPU.ActiveCfg = Debug|Any CPU
		{B7EC19CF-1D50-431E-842C-3F09E299921C}.Debug|Any CPU.Build.0 = Debug|Any CPU
		{B7EC19CF-1D50-431E-842C-3F09E299921C}.Debug|Any CPU.Deploy.0 = Debug|Any CPU
		{B7EC19CF-1D50-431E-842C-3F09E299921C}.Debug|iPhone.ActiveCfg = Debug|Any CPU
		{B7EC19CF-1D50-431E-842C-3F09E299921C}.Debug|iPhone.Build.0 = Debug|Any CPU
		{B7EC19CF-1D50-431E-842C-3F09E299921C}.Debug|iPhone.Deploy.0 = Debug|Any CPU
		{B7EC19CF-1D50-431E-842C-3F09E299921C}.Debug|iPhoneSimulator.ActiveCfg = Debug|Any CPU
		{B7EC19CF-1D50-431E-842C-3F09E299921C}.Debug|iPhoneSimulator.Build.0 = Debug|Any CPU
		{B7EC19CF-1D50-431E-842C-3F09E299921C}.Debug|iPhoneSimulator.Deploy.0 = Debug|Any CPU
		{B7EC19CF-1D50-431E-842C-3F09E299921C}.Release|Any CPU.ActiveCfg = Release|Any CPU
		{B7EC19CF-1D50-431E-842C-3F09E299921C}.Release|Any CPU.Build.0 = Release|Any CPU
		{B7EC19CF-1D50-431E-842C-3F09E299921C}.Release|Any CPU.Deploy.0 = Release|Any CPU
		{B7EC19CF-1D50-431E-842C-3F09E299921C}.Release|iPhone.ActiveCfg = Release|Any CPU
		{B7EC19CF-1D50-431E-842C-3F09E299921C}.Release|iPhone.Build.0 = Release|Any CPU
		{B7EC19CF-1D50-431E-842C-3F09E299921C}.Release|iPhone.Deploy.0 = Release|Any CPU
		{B7EC19CF-1D50-431E-842C-3F09E299921C}.Release|iPhoneSimulator.ActiveCfg = Release|Any CPU
		{B7EC19CF-1D50-431E-842C-3F09E299921C}.Release|iPhoneSimulator.Build.0 = Release|Any CPU
		{B7EC19CF-1D50-431E-842C-3F09E299921C}.Release|iPhoneSimulator.Deploy.0 = Release|Any CPU
	EndGlobalSection
	GlobalSection(SolutionProperties) = preSolution
		HideSolutionNode = FALSE
	EndGlobalSection
	GlobalSection(ExtensibilityGlobals) = postSolution
		SolutionGuid = {68380FBC-AD38-4804-868A-16010472E3E9}
	EndGlobalSection
EndGlobal
